
Microsoft Visual Studio Solution File, Format Version 12.00
# Visual Studio Version 17
VisualStudioVersion = 17.7.34031.279
MinimumVisualStudioVersion = 10.0.40219.1
Project("{FAE04EC0-301F-11D3-BF4B-00C04F79EFBC}") = "IASquad.Poc.AzureOpenAi", "IASquad.Poc.AzureOpenAi.csproj", "{B58771B2-1D34-40C6-81B5-7F0808A6A5CC}"
EndProject
Global
	GlobalSection(SolutionConfigurationPlatforms) = preSolution
		Debug|Any CPU = Debug|Any CPU
		Release|Any CPU = Release|Any CPU
	EndGlobalSection
	GlobalSection(ProjectConfigurationPlatforms) = postSolution
		{B58771B2-1D34-40C6-81B5-7F0808A6A5CC}.Debug|Any CPU.ActiveCfg = Debug|Any CPU
		{B58771B2-1D34-40C6-81B5-7F0808A6A5CC}.Debug|Any CPU.Build.0 = Debug|Any CPU
		{B58771B2-1D34-40C6-81B5-7F0808A6A5CC}.Release|Any CPU.ActiveCfg = Release|Any CPU
		{B58771B2-1D34-40C6-81B5-7F0808A6A5CC}.Release|Any CPU.Build.0 = Release|Any CPU
	EndGlobalSection
	GlobalSection(SolutionProperties) = preSolution
		HideSolutionNode = FALSE
	EndGlobalSection
	GlobalSection(ExtensibilityGlobals) = postSolution
		SolutionGuid = {BA14E6C1-E2BE-4D1F-BDB7-9B344B32CA4D}
	EndGlobalSection
EndGlobal
